// !$*UTF8*$!
{
	archiveVersion = 1;
	classes = {
	};
	objectVersion = 56;
	objects = {

/* Begin PBXBuildFile section */
		613E38FD2D6F3F690031DD69 /* DeliverView.swift in Sources */ = {isa = PBXBuildFile; fileRef = 613E38FC2D6F3F690031DD69 /* DeliverView.swift */; };
		616225D82D7088EB0052C982 /* TabView.swift in Sources */ = {isa = PBXBuildFile; fileRef = 616225D72D7088EB0052C982 /* TabView.swift */; };
		616225DA2D708D4D0052C982 /* ContentView.swift in Sources */ = {isa = PBXBuildFile; fileRef = 616225D92D708D4D0052C982 /* ContentView.swift */; };
		616225DC2D709E9B0052C982 /* LogoView.swift in Sources */ = {isa = PBXBuildFile; fileRef = 616225DB2D709E9B0052C982 /* LogoView.swift */; };
		61D59BD52D6DE5D10008B080 /* SSeuApp.swift in Sources */ = {isa = PBXBuildFile; fileRef = 61D59BD42D6DE5D10008B080 /* SSeuApp.swift */; };
		61D59BD92D6DE5D30008B080 /* Assets.xcassets in Resources */ = {isa = PBXBuildFile; fileRef = 61D59BD82D6DE5D30008B080 /* Assets.xcassets */; };
		61D59BDC2D6DE5D30008B080 /* Preview Assets.xcassets in Resources */ = {isa = PBXBuildFile; fileRef = 61D59BDB2D6DE5D30008B080 /* Preview Assets.xcassets */; };
		61D59BE62D6DE5D30008B080 /* SSeuTests.swift in Sources */ = {isa = PBXBuildFile; fileRef = 61D59BE52D6DE5D30008B080 /* SSeuTests.swift */; };
		61D59BF02D6DE5D30008B080 /* SSeuUITests.swift in Sources */ = {isa = PBXBuildFile; fileRef = 61D59BEF2D6DE5D30008B080 /* SSeuUITests.swift */; };
		61D59BF22D6DE5D30008B080 /* SSeuUITestsLaunchTests.swift in Sources */ = {isa = PBXBuildFile; fileRef = 61D59BF12D6DE5D30008B080 /* SSeuUITestsLaunchTests.swift */; };
		61D59BFF2D6DF26A0008B080 /* SearchView.swift in Sources */ = {isa = PBXBuildFile; fileRef = 61D59BFE2D6DF26A0008B080 /* SearchView.swift */; };
/* End PBXBuildFile section */

/* Begin PBXContainerItemProxy section */
		61D59BE22D6DE5D30008B080 /* PBXContainerItemProxy */ = {
			isa = PBXContainerItemProxy;
			containerPortal = 61D59BC92D6DE5D10008B080 /* Project object */;
			proxyType = 1;
			remoteGlobalIDString = 61D59BD02D6DE5D10008B080;
			remoteInfo = SSeu;
		};
		61D59BEC2D6DE5D30008B080 /* PBXContainerItemProxy */ = {
			isa = PBXContainerItemProxy;
			containerPortal = 61D59BC92D6DE5D10008B080 /* Project object */;
			proxyType = 1;
			remoteGlobalIDString = 61D59BD02D6DE5D10008B080;
			remoteInfo = SSeu;
		};
/* End PBXContainerItemProxy section */

/* Begin PBXFileReference section */
		613E38FC2D6F3F690031DD69 /* DeliverView.swift */ = {isa = PBXFileReference; lastKnownFileType = sourcecode.swift; path = DeliverView.swift; sourceTree = "<group>"; };
		616225D72D7088EB0052C982 /* TabView.swift */ = {isa = PBXFileReference; lastKnownFileType = sourcecode.swift; path = TabView.swift; sourceTree = "<group>"; };
		616225D92D708D4D0052C982 /* ContentView.swift */ = {isa = PBXFileReference; lastKnownFileType = sourcecode.swift; path = ContentView.swift; sourceTree = "<group>"; };
		616225DB2D709E9B0052C982 /* LogoView.swift */ = {isa = PBXFileReference; lastKnownFileType = sourcecode.swift; path = LogoView.swift; sourceTree = "<group>"; };
		61D59BD12D6DE5D10008B080 /* SSeu.app */ = {isa = PBXFileReference; explicitFileType = wrapper.application; includeInIndex = 0; path = SSeu.app; sourceTree = BUILT_PRODUCTS_DIR; };
		61D59BD42D6DE5D10008B080 /* SSeuApp.swift */ = {isa = PBXFileReference; lastKnownFileType = sourcecode.swift; path = SSeuApp.swift; sourceTree = "<group>"; };
		61D59BD82D6DE5D30008B080 /* Assets.xcassets */ = {isa = PBXFileReference; lastKnownFileType = folder.assetcatalog; path = Assets.xcassets; sourceTree = "<group>"; };
		61D59BDB2D6DE5D30008B080 /* Preview Assets.xcassets */ = {isa = PBXFileReference; lastKnownFileType = folder.assetcatalog; path = "Preview Assets.xcassets"; sourceTree = "<group>"; };
		61D59BE12D6DE5D30008B080 /* SSeuTests.xctest */ = {isa = PBXFileReference; explicitFileType = wrapper.cfbundle; includeInIndex = 0; path = SSeuTests.xctest; sourceTree = BUILT_PRODUCTS_DIR; };
		61D59BE52D6DE5D30008B080 /* SSeuTests.swift */ = {isa = PBXFileReference; lastKnownFileType = sourcecode.swift; path = SSeuTests.swift; sourceTree = "<group>"; };
		61D59BEB2D6DE5D30008B080 /* SSeuUITests.xctest */ = {isa = PBXFileReference; explicitFileType = wrapper.cfbundle; includeInIndex = 0; path = SSeuUITests.xctest; sourceTree = BUILT_PRODUCTS_DIR; };
		61D59BEF2D6DE5D30008B080 /* SSeuUITests.swift */ = {isa = PBXFileReference; lastKnownFileType = sourcecode.swift; path = SSeuUITests.swift; sourceTree = "<group>"; };
		61D59BF12D6DE5D30008B080 /* SSeuUITestsLaunchTests.swift */ = {isa = PBXFileReference; lastKnownFileType = sourcecode.swift; path = SSeuUITestsLaunchTests.swift; sourceTree = "<group>"; };
		61D59BFE2D6DF26A0008B080 /* SearchView.swift */ = {isa = PBXFileReference; lastKnownFileType = sourcecode.swift; path = SearchView.swift; sourceTree = "<group>"; };
/* End PBXFileReference section */

/* Begin PBXFrameworksBuildPhase section */
		61D59BCE2D6DE5D10008B080 /* Frameworks */ = {
			isa = PBXFrameworksBuildPhase;
			buildActionMask = 2147483647;
			files = (
			);
			runOnlyForDeploymentPostprocessing = 0;
		};
		61D59BDE2D6DE5D30008B080 /* Frameworks */ = {
			isa = PBXFrameworksBuildPhase;
			buildActionMask = 2147483647;
			files = (
			);
			runOnlyForDeploymentPostprocessing = 0;
		};
		61D59BE82D6DE5D30008B080 /* Frameworks */ = {
			isa = PBXFrameworksBuildPhase;
			buildActionMask = 2147483647;
			files = (
			);
			runOnlyForDeploymentPostprocessing = 0;
		};
/* End PBXFrameworksBuildPhase section */

/* Begin PBXGroup section */
		61D59BC82D6DE5D10008B080 = {
			isa = PBXGroup;
			children = (
				61D59BD32D6DE5D10008B080 /* SSeu */,
				61D59BE42D6DE5D30008B080 /* SSeuTests */,
				61D59BEE2D6DE5D30008B080 /* SSeuUITests */,
				61D59BD22D6DE5D10008B080 /* Products */,
			);
			sourceTree = "<group>";
		};
		61D59BD22D6DE5D10008B080 /* Products */ = {
			isa = PBXGroup;
			children = (
				61D59BD12D6DE5D10008B080 /* SSeu.app */,
				61D59BE12D6DE5D30008B080 /* SSeuTests.xctest */,
				61D59BEB2D6DE5D30008B080 /* SSeuUITests.xctest */,
			);
			name = Products;
			sourceTree = "<group>";
		};
		61D59BD32D6DE5D10008B080 /* SSeu */ = {
			isa = PBXGroup;
			children = (
				61D59BD42D6DE5D10008B080 /* SSeuApp.swift */,
				616225DB2D709E9B0052C982 /* LogoView.swift */,
				616225D92D708D4D0052C982 /* ContentView.swift */,
				613E38FC2D6F3F690031DD69 /* DeliverView.swift */,
				61D59BFE2D6DF26A0008B080 /* SearchView.swift */,
				61D59BD82D6DE5D30008B080 /* Assets.xcassets */,
				61D59BDA2D6DE5D30008B080 /* Preview Content */,
				616225D72D7088EB0052C982 /* TabView.swift */,
			);
			path = SSeu;
			sourceTree = "<group>";
		};
		61D59BDA2D6DE5D30008B080 /* Preview Content */ = {
			isa = PBXGroup;
			children = (
				61D59BDB2D6DE5D30008B080 /* Preview Assets.xcassets */,
			);
			path = "Preview Content";
			sourceTree = "<group>";
		};
		61D59BE42D6DE5D30008B080 /* SSeuTests */ = {
			isa = PBXGroup;
			children = (
				61D59BE52D6DE5D30008B080 /* SSeuTests.swift */,
			);
			path = SSeuTests;
			sourceTree = "<group>";
		};
		61D59BEE2D6DE5D30008B080 /* SSeuUITests */ = {
			isa = PBXGroup;
			children = (
				61D59BEF2D6DE5D30008B080 /* SSeuUITests.swift */,
				61D59BF12D6DE5D30008B080 /* SSeuUITestsLaunchTests.swift */,
			);
			path = SSeuUITests;
			sourceTree = "<group>";
		};
/* End PBXGroup section */

/* Begin PBXNativeTarget section */
		61D59BD02D6DE5D10008B080 /* SSeu */ = {
			isa = PBXNativeTarget;
			buildConfigurationList = 61D59BF52D6DE5D30008B080 /* Build configuration list for PBXNativeTarget "SSeu" */;
			buildPhases = (
				61D59BCD2D6DE5D10008B080 /* Sources */,
				61D59BCE2D6DE5D10008B080 /* Frameworks */,
				61D59BCF2D6DE5D10008B080 /* Resources */,
			);
			buildRules = (
			);
			dependencies = (
			);
			name = SSeu;
			productName = SSeu;
			productReference = 61D59BD12D6DE5D10008B080 /* SSeu.app */;
			productType = "com.apple.product-type.application";
		};
		61D59BE02D6DE5D30008B080 /* SSeuTests */ = {
			isa = PBXNativeTarget;
			buildConfigurationList = 61D59BF82D6DE5D30008B080 /* Build configuration list for PBXNativeTarget "SSeuTests" */;
			buildPhases = (
				61D59BDD2D6DE5D30008B080 /* Sources */,
				61D59BDE2D6DE5D30008B080 /* Frameworks */,
				61D59BDF2D6DE5D30008B080 /* Resources */,
			);
			buildRules = (
			);
			dependencies = (
				61D59BE32D6DE5D30008B080 /* PBXTargetDependency */,
			);
			name = SSeuTests;
			productName = SSeuTests;
			productReference = 61D59BE12D6DE5D30008B080 /* SSeuTests.xctest */;
			productType = "com.apple.product-type.bundle.unit-test";
		};
		61D59BEA2D6DE5D30008B080 /* SSeuUITests */ = {
			isa = PBXNativeTarget;
			buildConfigurationList = 61D59BFB2D6DE5D30008B080 /* Build configuration list for PBXNativeTarget "SSeuUITests" */;
			buildPhases = (
				61D59BE72D6DE5D30008B080 /* Sources */,
				61D59BE82D6DE5D30008B080 /* Frameworks */,
				61D59BE92D6DE5D30008B080 /* Resources */,
			);
			buildRules = (
			);
			dependencies = (
				61D59BED2D6DE5D30008B080 /* PBXTargetDependency */,
			);
			name = SSeuUITests;
			productName = SSeuUITests;
			productReference = 61D59BEB2D6DE5D30008B080 /* SSeuUITests.xctest */;
			productType = "com.apple.product-type.bundle.ui-testing";
		};
/* End PBXNativeTarget section */

/* Begin PBXProject section */
		61D59BC92D6DE5D10008B080 /* Project object */ = {
			isa = PBXProject;
			attributes = {
				BuildIndependentTargetsInParallel = 1;
				LastSwiftUpdateCheck = 1540;
				LastUpgradeCheck = 1540;
				TargetAttributes = {
					61D59BD02D6DE5D10008B080 = {
						CreatedOnToolsVersion = 15.4;
					};
					61D59BE02D6DE5D30008B080 = {
						CreatedOnToolsVersion = 15.4;
						TestTargetID = 61D59BD02D6DE5D10008B080;
					};
					61D59BEA2D6DE5D30008B080 = {
						CreatedOnToolsVersion = 15.4;
						TestTargetID = 61D59BD02D6DE5D10008B080;
					};
				};
			};
			buildConfigurationList = 61D59BCC2D6DE5D10008B080 /* Build configuration list for PBXProject "SSeu" */;
			compatibilityVersion = "Xcode 14.0";
			developmentRegion = en;
			hasScannedForEncodings = 0;
			knownRegions = (
				en,
				Base,
			);
			mainGroup = 61D59BC82D6DE5D10008B080;
			productRefGroup = 61D59BD22D6DE5D10008B080 /* Products */;
			projectDirPath = "";
			projectRoot = "";
			targets = (
				61D59BD02D6DE5D10008B080 /* SSeu */,
				61D59BE02D6DE5D30008B080 /* SSeuTests */,
				61D59BEA2D6DE5D30008B080 /* SSeuUITests */,
			);
		};
/* End PBXProject section */

/* Begin PBXResourcesBuildPhase section */
		61D59BCF2D6DE5D10008B080 /* Resources */ = {
			isa = PBXResourcesBuildPhase;
			buildActionMask = 2147483647;
			files = (
				61D59BDC2D6DE5D30008B080 /* Preview Assets.xcassets in Resources */,
				61D59BD92D6DE5D30008B080 /* Assets.xcassets in Resources */,
			);
			runOnlyForDeploymentPostprocessing = 0;
		};
		61D59BDF2D6DE5D30008B080 /* Resources */ = {
			isa = PBXResourcesBuildPhase;
			buildActionMask = 2147483647;
			files = (
			);
			runOnlyForDeploymentPostprocessing = 0;
		};
		61D59BE92D6DE5D30008B080 /* Resources */ = {
			isa = PBXResourcesBuildPhase;
			buildActionMask = 2147483647;
			files = (
			);
			runOnlyForDeploymentPostprocessing = 0;
		};
/* End PBXResourcesBuildPhase section */

/* Begin PBXSourcesBuildPhase section */
		61D59BCD2D6DE5D10008B080 /* Sources */ = {
			isa = PBXSourcesBuildPhase;
			buildActionMask = 2147483647;
			files = (
				61D59BFF2D6DF26A0008B080 /* SearchView.swift in Sources */,
				616225DC2D709E9B0052C982 /* LogoView.swift in Sources */,
				616225DA2D708D4D0052C982 /* ContentView.swift in Sources */,
				613E38FD2D6F3F690031DD69 /* DeliverView.swift in Sources */,
				616225D82D7088EB0052C982 /* TabView.swift in Sources */,
				61D59BD52D6DE5D10008B080 /* SSeuApp.swift in Sources */,
			);
			runOnlyForDeploymentPostprocessing = 0;
		};
		61D59BDD2D6DE5D30008B080 /* Sources */ = {
			isa = PBXSourcesBuildPhase;
			buildActionMask = 2147483647;
			files = (
				61D59BE62D6DE5D30008B080 /* SSeuTests.swift in Sources */,
			);
			runOnlyForDeploymentPostprocessing = 0;
		};
		61D59BE72D6DE5D30008B080 /* Sources */ = {
			isa = PBXSourcesBuildPhase;
			buildActionMask = 2147483647;
			files = (
				61D59BF22D6DE5D30008B080 /* SSeuUITestsLaunchTests.swift in Sources */,
				61D59BF02D6DE5D30008B080 /* SSeuUITests.swift in Sources */,
			);
			runOnlyForDeploymentPostprocessing = 0;
		};
/* End PBXSourcesBuildPhase section */

/* Begin PBXTargetDependency section */
		61D59BE32D6DE5D30008B080 /* PBXTargetDependency */ = {
			isa = PBXTargetDependency;
			target = 61D59BD02D6DE5D10008B080 /* SSeu */;
			targetProxy = 61D59BE22D6DE5D30008B080 /* PBXContainerItemProxy */;
		};
		61D59BED2D6DE5D30008B080 /* PBXTargetDependency */ = {
			isa = PBXTargetDependency;
			target = 61D59BD02D6DE5D10008B080 /* SSeu */;
			targetProxy = 61D59BEC2D6DE5D30008B080 /* PBXContainerItemProxy */;
		};
/* End PBXTargetDependency section */

/* Begin XCBuildConfiguration section */
		61D59BF32D6DE5D30008B080 /* Debug */ = {
			isa = XCBuildConfiguration;
			buildSettings = {
				ALWAYS_SEARCH_USER_PATHS = NO;
				ASSETCATALOG_COMPILER_GENERATE_SWIFT_ASSET_SYMBOL_EXTENSIONS = YES;
				CLANG_ANALYZER_NONNULL = YES;
				CLANG_ANALYZER_NUMBER_OBJECT_CONVERSION = YES_AGGRESSIVE;
				CLANG_CXX_LANGUAGE_STANDARD = "gnu++20";
				CLANG_ENABLE_MODULES = YES;
				CLANG_ENABLE_OBJC_ARC = YES;
				CLANG_ENABLE_OBJC_WEAK = YES;
				CLANG_WARN_BLOCK_CAPTURE_AUTORELEASING = YES;
				CLANG_WARN_BOOL_CONVERSION = YES;
				CLANG_WARN_COMMA = YES;
				CLANG_WARN_CONSTANT_CONVERSION = YES;
				CLANG_WARN_DEPRECATED_OBJC_IMPLEMENTATIONS = YES;
				CLANG_WARN_DIRECT_OBJC_ISA_USAGE = YES_ERROR;
				CLANG_WARN_DOCUMENTATION_COMMENTS = YES;
				CLANG_WARN_EMPTY_BODY = YES;
				CLANG_WARN_ENUM_CONVERSION = YES;
				CLANG_WARN_INFINITE_RECURSION = YES;
				CLANG_WARN_INT_CONVERSION = YES;
				CLANG_WARN_NON_LITERAL_NULL_CONVERSION = YES;
				CLANG_WARN_OBJC_IMPLICIT_RETAIN_SELF = YES;
				CLANG_WARN_OBJC_LITERAL_CONVERSION = YES;
				CLANG_WARN_OBJC_ROOT_CLASS = YES_ERROR;
				CLANG_WARN_QUOTED_INCLUDE_IN_FRAMEWORK_HEADER = YES;
				CLANG_WARN_RANGE_LOOP_ANALYSIS = YES;
				CLANG_WARN_STRICT_PROTOTYPES = YES;
				CLANG_WARN_SUSPICIOUS_MOVE = YES;
				CLANG_WARN_UNGUARDED_AVAILABILITY = YES_AGGRESSIVE;
				CLANG_WARN_UNREACHABLE_CODE = YES;
				CLANG_WARN__DUPLICATE_METHOD_MATCH = YES;
				COPY_PHASE_STRIP = NO;
				DEBUG_INFORMATION_FORMAT = dwarf;
				ENABLE_STRICT_OBJC_MSGSEND = YES;
				ENABLE_TESTABILITY = YES;
				ENABLE_USER_SCRIPT_SANDBOXING = YES;
				GCC_C_LANGUAGE_STANDARD = gnu17;
				GCC_DYNAMIC_NO_PIC = NO;
				GCC_NO_COMMON_BLOCKS = YES;
				GCC_OPTIMIZATION_LEVEL = 0;
				GCC_PREPROCESSOR_DEFINITIONS = (
					"DEBUG=1",
					"$(inherited)",
				);
				GCC_WARN_64_TO_32_BIT_CONVERSION = YES;
				GCC_WARN_ABOUT_RETURN_TYPE = YES_ERROR;
				GCC_WARN_UNDECLARED_SELECTOR = YES;
				GCC_WARN_UNINITIALIZED_AUTOS = YES_AGGRESSIVE;
				GCC_WARN_UNUSED_FUNCTION = YES;
				GCC_WARN_UNUSED_VARIABLE = YES;
				IPHONEOS_DEPLOYMENT_TARGET = 17.5;
				LOCALIZATION_PREFERS_STRING_CATALOGS = YES;
				MTL_ENABLE_DEBUG_INFO = INCLUDE_SOURCE;
				MTL_FAST_MATH = YES;
				ONLY_ACTIVE_ARCH = YES;
				SDKROOT = iphoneos;
				SWIFT_ACTIVE_COMPILATION_CONDITIONS = "DEBUG $(inherited)";
				SWIFT_OPTIMIZATION_LEVEL = "-Onone";
			};
			name = Debug;
		};
		61D59BF42D6DE5D30008B080 /* Release */ = {
			isa = XCBuildConfiguration;
			buildSettings = {
				ALWAYS_SEARCH_USER_PATHS = NO;
				ASSETCATALOG_COMPILER_GENERATE_SWIFT_ASSET_SYMBOL_EXTENSIONS = YES;
				CLANG_ANALYZER_NONNULL = YES;
				CLANG_ANALYZER_NUMBER_OBJECT_CONVERSION = YES_AGGRESSIVE;
				CLANG_CXX_LANGUAGE_STANDARD = "gnu++20";
				CLANG_ENABLE_MODULES = YES;
				CLANG_ENABLE_OBJC_ARC = YES;
				CLANG_ENABLE_OBJC_WEAK = YES;
				CLANG_WARN_BLOCK_CAPTURE_AUTORELEASING = YES;
				CLANG_WARN_BOOL_CONVERSION = YES;
				CLANG_WARN_COMMA = YES;
				CLANG_WARN_CONSTANT_CONVERSION = YES;
				CLANG_WARN_DEPRECATED_OBJC_IMPLEMENTATIONS = YES;
				CLANG_WARN_DIRECT_OBJC_ISA_USAGE = YES_ERROR;
				CLANG_WARN_DOCUMENTATION_COMMENTS = YES;
				CLANG_WARN_EMPTY_BODY = YES;
				CLANG_WARN_ENUM_CONVERSION = YES;
				CLANG_WARN_INFINITE_RECURSION = YES;
				CLANG_WARN_INT_CONVERSION = YES;
				CLANG_WARN_NON_LITERAL_NULL_CONVERSION = YES;
				CLANG_WARN_OBJC_IMPLICIT_RETAIN_SELF = YES;
				CLANG_WARN_OBJC_LITERAL_CONVERSION = YES;
				CLANG_WARN_OBJC_ROOT_CLASS = YES_ERROR;
				CLANG_WARN_QUOTED_INCLUDE_IN_FRAMEWORK_HEADER = YES;
				CLANG_WARN_RANGE_LOOP_ANALYSIS = YES;
				CLANG_WARN_STRICT_PROTOTYPES = YES;
				CLANG_WARN_SUSPICIOUS_MOVE = YES;
				CLANG_WARN_UNGUARDED_AVAILABILITY = YES_AGGRESSIVE;
				CLANG_WARN_UNREACHABLE_CODE = YES;
				CLANG_WARN__DUPLICATE_METHOD_MATCH = YES;
				COPY_PHASE_STRIP = NO;
				DEBUG_INFORMATION_FORMAT = "dwarf-with-dsym";
				ENABLE_NS_ASSERTIONS = NO;
				ENABLE_STRICT_OBJC_MSGSEND = YES;
				ENABLE_USER_SCRIPT_SANDBOXING = YES;
				GCC_C_LANGUAGE_STANDARD = gnu17;
				GCC_NO_COMMON_BLOCKS = YES;
				GCC_WARN_64_TO_32_BIT_CONVERSION = YES;
				GCC_WARN_ABOUT_RETURN_TYPE = YES_ERROR;
				GCC_WARN_UNDECLARED_SELECTOR = YES;
				GCC_WARN_UNINITIALIZED_AUTOS = YES_AGGRESSIVE;
				GCC_WARN_UNUSED_FUNCTION = YES;
				GCC_WARN_UNUSED_VARIABLE = YES;
				IPHONEOS_DEPLOYMENT_TARGET = 17.5;
				LOCALIZATION_PREFERS_STRING_CATALOGS = YES;
				MTL_ENABLE_DEBUG_INFO = NO;
				MTL_FAST_MATH = YES;
				SDKROOT = iphoneos;
				SWIFT_COMPILATION_MODE = wholemodule;
				VALIDATE_PRODUCT = YES;
			};
			name = Release;
		};
		61D59BF62D6DE5D30008B080 /* Debug */ = {
			isa = XCBuildConfiguration;
			buildSettings = {
				ASSETCATALOG_COMPILER_APPICON_NAME = AppIcon;
				ASSETCATALOG_COMPILER_GLOBAL_ACCENT_COLOR_NAME = AccentColor;
				CODE_SIGN_STYLE = Automatic;
				CURRENT_PROJECT_VERSION = 1;
				DEVELOPMENT_ASSET_PATHS = "\"SSeu/Preview Content\"";
				ENABLE_PREVIEWS = YES;
				GENERATE_INFOPLIST_FILE = YES;
				INFOPLIST_KEY_UIApplicationSceneManifest_Generation = YES;
				INFOPLIST_KEY_UIApplicationSupportsIndirectInputEvents = YES;
				INFOPLIST_KEY_UILaunchScreen_Generation = YES;
				INFOPLIST_KEY_UISupportedInterfaceOrientations_iPad = "UIInterfaceOrientationPortrait UIInterfaceOrientationPortraitUpsideDown UIInterfaceOrientationLandscapeLeft UIInterfaceOrientationLandscapeRight";
				INFOPLIST_KEY_UISupportedInterfaceOrientations_iPhone = "UIInterfaceOrientationPortrait UIInterfaceOrientationLandscapeLeft UIInterfaceOrientationLandscapeRight";
				LD_RUNPATH_SEARCH_PATHS = (
					"$(inherited)",
					"@executable_path/Frameworks",
				);
				MARKETING_VERSION = 1.0;
				PRODUCT_BUNDLE_IDENTIFIER = guilhermeepifaniodasilva.SSeu;
				PRODUCT_NAME = "$(TARGET_NAME)";
				SWIFT_EMIT_LOC_STRINGS = YES;
				SWIFT_VERSION = 5.0;
				TARGETED_DEVICE_FAMILY = "1,2";
			};
			name = Debug;
		};
		61D59BF72D6DE5D30008B080 /* Release */ = {
			isa = XCBuildConfiguration;
			buildSettings = {
				ASSETCATALOG_COMPILER_APPICON_NAME = AppIcon;
				ASSETCATALOG_COMPILER_GLOBAL_ACCENT_COLOR_NAME = AccentColor;
				CODE_SIGN_STYLE = Automatic;
				CURRENT_PROJECT_VERSION = 1;
				DEVELOPMENT_ASSET_PATHS = "\"SSeu/Preview Content\"";
				ENABLE_PREVIEWS = YES;
				GENERATE_INFOPLIST_FILE = YES;
				INFOPLIST_KEY_UIApplicationSceneManifest_Generation = YES;
				INFOPLIST_KEY_UIApplicationSupportsIndirectInputEvents = YES;
				INFOPLIST_KEY_UILaunchScreen_Generation = YES;
				INFOPLIST_KEY_UISupportedInterfaceOrientations_iPad = "UIInterfaceOrientationPortrait UIInterfaceOrientationPortraitUpsideDown UIInterfaceOrientationLandscapeLeft UIInterfaceOrientationLandscapeRight";
				INFOPLIST_KEY_UISupportedInterfaceOrientations_iPhone = "UIInterfaceOrientationPortrait UIInterfaceOrientationLandscapeLeft UIInterfaceOrientationLandscapeRight";
				LD_RUNPATH_SEARCH_PATHS = (
					"$(inherited)",
					"@executable_path/Frameworks",
				);
				MARKETING_VERSION = 1.0;
				PRODUCT_BUNDLE_IDENTIFIER = guilhermeepifaniodasilva.SSeu;
				PRODUCT_NAME = "$(TARGET_NAME)";
				SWIFT_EMIT_LOC_STRINGS = YES;
				SWIFT_VERSION = 5.0;
				TARGETED_DEVICE_FAMILY = "1,2";
			};
			name = Release;
		};
		61D59BF92D6DE5D30008B080 /* Debug */ = {
			isa = XCBuildConfiguration;
			buildSettings = {
				ALWAYS_EMBED_SWIFT_STANDARD_LIBRARIES = YES;
				BUNDLE_LOADER = "$(TEST_HOST)";
				CODE_SIGN_STYLE = Automatic;
				CURRENT_PROJECT_VERSION = 1;
				GENERATE_INFOPLIST_FILE = YES;
				IPHONEOS_DEPLOYMENT_TARGET = 17.5;
				MARKETING_VERSION = 1.0;
				PRODUCT_BUNDLE_IDENTIFIER = guilhermeepifaniodasilva.SSeuTests;
				PRODUCT_NAME = "$(TARGET_NAME)";
				SWIFT_EMIT_LOC_STRINGS = NO;
				SWIFT_VERSION = 5.0;
				TARGETED_DEVICE_FAMILY = "1,2";
				TEST_HOST = "$(BUILT_PRODUCTS_DIR)/SSeu.app/$(BUNDLE_EXECUTABLE_FOLDER_PATH)/SSeu";
			};
			name = Debug;
		};
		61D59BFA2D6DE5D30008B080 /* Release */ = {
			isa = XCBuildConfiguration;
			buildSettings = {
				ALWAYS_EMBED_SWIFT_STANDARD_LIBRARIES = YES;
				BUNDLE_LOADER = "$(TEST_HOST)";
				CODE_SIGN_STYLE = Automatic;
				CURRENT_PROJECT_VERSION = 1;
				GENERATE_INFOPLIST_FILE = YES;
				IPHONEOS_DEPLOYMENT_TARGET = 17.5;
				MARKETING_VERSION = 1.0;
				PRODUCT_BUNDLE_IDENTIFIER = guilhermeepifaniodasilva.SSeuTests;
				PRODUCT_NAME = "$(TARGET_NAME)";
				SWIFT_EMIT_LOC_STRINGS = NO;
				SWIFT_VERSION = 5.0;
				TARGETED_DEVICE_FAMILY = "1,2";
				TEST_HOST = "$(BUILT_PRODUCTS_DIR)/SSeu.app/$(BUNDLE_EXECUTABLE_FOLDER_PATH)/SSeu";
			};
			name = Release;
		};
		61D59BFC2D6DE5D30008B080 /* Debug */ = {
			isa = XCBuildConfiguration;
			buildSettings = {
				ALWAYS_EMBED_SWIFT_STANDARD_LIBRARIES = YES;
				CODE_SIGN_STYLE = Automatic;
				CURRENT_PROJECT_VERSION = 1;
				GENERATE_INFOPLIST_FILE = YES;
				MARKETING_VERSION = 1.0;
				PRODUCT_BUNDLE_IDENTIFIER = guilhermeepifaniodasilva.SSeuUITests;
				PRODUCT_NAME = "$(TARGET_NAME)";
				SWIFT_EMIT_LOC_STRINGS = NO;
				SWIFT_VERSION = 5.0;
				TARGETED_DEVICE_FAMILY = "1,2";
				TEST_TARGET_NAME = SSeu;
			};
			name = Debug;
		};
		61D59BFD2D6DE5D30008B080 /* Release */ = {
			isa = XCBuildConfiguration;
			buildSettings = {
				ALWAYS_EMBED_SWIFT_STANDARD_LIBRARIES = YES;
				CODE_SIGN_STYLE = Automatic;
				CURRENT_PROJECT_VERSION = 1;
				GENERATE_INFOPLIST_FILE = YES;
				MARKETING_VERSION = 1.0;
				PRODUCT_BUNDLE_IDENTIFIER = guilhermeepifaniodasilva.SSeuUITests;
				PRODUCT_NAME = "$(TARGET_NAME)";
				SWIFT_EMIT_LOC_STRINGS = NO;
				SWIFT_VERSION = 5.0;
				TARGETED_DEVICE_FAMILY = "1,2";
				TEST_TARGET_NAME = SSeu;
			};
			name = Release;
		};
/* End XCBuildConfiguration section */

/* Begin XCConfigurationList section */
		61D59BCC2D6DE5D10008B080 /* Build configuration list for PBXProject "SSeu" */ = {
			isa = XCConfigurationList;
			buildConfigurations = (
				61D59BF32D6DE5D30008B080 /* Debug */,
				61D59BF42D6DE5D30008B080 /* Release */,
			);
			defaultConfigurationIsVisible = 0;
			defaultConfigurationName = Release;
		};
		61D59BF52D6DE5D30008B080 /* Build configuration list for PBXNativeTarget "SSeu" */ = {
			isa = XCConfigurationList;
			buildConfigurations = (
				61D59BF62D6DE5D30008B080 /* Debug */,
				61D59BF72D6DE5D30008B080 /* Release */,
			);
			defaultConfigurationIsVisible = 0;
			defaultConfigurationName = Release;
		};
		61D59BF82D6DE5D30008B080 /* Build configuration list for PBXNativeTarget "SSeuTests" */ = {
			isa = XCConfigurationList;
			buildConfigurations = (
				61D59BF92D6DE5D30008B080 /* Debug */,
				61D59BFA2D6DE5D30008B080 /* Release */,
			);
			defaultConfigurationIsVisible = 0;
			defaultConfigurationName = Release;
		};
		61D59BFB2D6DE5D30008B080 /* Build configuration list for PBXNativeTarget "SSeuUITests" */ = {
			isa = XCConfigurationList;
			buildConfigurations = (
				61D59BFC2D6DE5D30008B080 /* Debug */,
				61D59BFD2D6DE5D30008B080 /* Release */,
			);
			defaultConfigurationIsVisible = 0;
			defaultConfigurationName = Release;
		};
/* End XCConfigurationList section */
	};
	rootObject = 61D59BC92D6DE5D10008B080 /* Project object */;
}
